{
  "requires": true,
  "lockfileVersion": 1,
  "dependencies": {
    "@a-ui/flexboxgrid": {
      "version": "1.0.1",
      "resolved": "https://registry.npmjs.org/@a-ui/flexboxgrid/-/flexboxgrid-1.0.1.tgz",
      "integrity": "sha512-hWbtZWfvc2xYoOYJnkPcAA8YOgukn6HKrBIeICYtgdHxInpetu3ugf25Rh50XofyAexQpvJLUeOsDf4ZAi6+8Q=="
    },
    "bootstrap": {
      "version": "4.4.1",
      "resolved": "https://registry.npmjs.org/bootstrap/-/bootstrap-4.4.1.tgz",
      "integrity": "sha512-tbx5cHubwE6e2ZG7nqM3g/FZ5PQEDMWmMGNrCUBVRPHXTJaH7CBDdsLeu3eCh3B1tzAxTnAbtmrzvWEvT2NNEA=="
    }
  }
}
